
Microsoft Visual Studio Solution File, Format Version 12.00
# Visual Studio Version 17
VisualStudioVersion = 17.11.35222.181
MinimumVisualStudioVersion = 10.0.40219.1
Project("{FAE04EC0-301F-11D3-BF4B-00C04F79EFBC}") = "AlbenaaAPi", "AlbenaaAPi\AlbenaaAPi.csproj", "{D5C6B172-CC24-46A3-B790-74615A00448E}"
EndProject
Global
	GlobalSection(SolutionConfigurationPlatforms) = preSolution
		Debug|Any CPU = Debug|Any CPU
		Release|Any CPU = Release|Any CPU
	EndGlobalSection
	GlobalSection(ProjectConfigurationPlatforms) = postSolution
		{D5C6B172-CC24-46A3-B790-74615A00448E}.Debug|Any CPU.ActiveCfg = Debug|Any CPU
		{D5C6B172-CC24-46A3-B790-74615A00448E}.Debug|Any CPU.Build.0 = Debug|Any CPU
		{D5C6B172-CC24-46A3-B790-74615A00448E}.Release|Any CPU.ActiveCfg = Release|Any CPU
		{D5C6B172-CC24-46A3-B790-74615A00448E}.Release|Any CPU.Build.0 = Release|Any CPU
	EndGlobalSection
	GlobalSection(SolutionProperties) = preSolution
		HideSolutionNode = FALSE
	EndGlobalSection
	GlobalSection(ExtensibilityGlobals) = postSolution
		SolutionGuid = {0CD88352-A692-429F-9165-89B9A5F57CF9}
	EndGlobalSection
EndGlobal
